Microsoft Visual Studio Solution File, Format Version 12.00
# Visual Studio Version 17
VisualStudioVersion = 17.8.34330.188
MinimumVisualStudioVersion = 16.0.0.0
Project("{9A19103F-16F7-4668-BE54-9A1E7A4F7556}") = "TopDownRPG.Windows", "TopDownRPG.Windows\TopDownRPG.Windows.csproj", "{BCD87606-3660-43D2-A667-538EA5C533BA}"
EndProject
Project("{9A19103F-16F7-4668-BE54-9A1E7A4F7556}") = "TopDownRPG.Game", "TopDownRPG.Game\TopDownRPG.Game.csproj", "{7AA71211-01F0-4CC8-9855-DC822C070F08}"
EndProject
Project("{9A19103F-16F7-4668-BE54-9A1E7A4F7556}") = "TopDownRPG.WinForms", "TopDownRPG.WinForms\TopDownRPG.WinForms.csproj", "{5CE2F035-5C41-49EE-B376-0D0051B33361}"
EndProject
Project("{9A19103F-16F7-4668-BE54-9A1E7A4F7556}") = "TopDownRPG.Avalonia", "TopDownRPG.Avalonia\TopDownRPG.Avalonia.csproj", "{B053887D-F9BD-44DB-85E2-5918512305D4}"
EndProject
Project("{9A19103F-16F7-4668-BE54-9A1E7A4F7556}") = "TopDownRPG.Avalonia.Desktop", "TopDownRPG.Avalonia.Desktop\TopDownRPG.Avalonia.Desktop.csproj", "{A0188CBB-7B8F-48E7-A608-72981BC37C9C}"
EndProject
Project("{2150E333-8FDC-42A3-9474-1A3956D46DE8}") = "AvaloniaEmbedded", "AvaloniaEmbedded", "{D85D5437-0EDE-48B8-9726-63D91853C2A5}"
EndProject
Project("{2150E333-8FDC-42A3-9474-1A3956D46DE8}") = "StrideWindow", "StrideWindow", "{18974961-84F0-4040-8778-97197427C2EC}"
EndProject
Project("{2150E333-8FDC-42A3-9474-1A3956D46DE8}") = "Winforms", "Winforms", "{7859A14C-8CF6-4EEE-A414-1D333C643C39}"
EndProject
Project("{2150E333-8FDC-42A3-9474-1A3956D46DE8}") = "AvaloniaNative", "AvaloniaNative", "{7CEECABF-C32E-4E47-8ABE-CAB3BE1F1D85}"
EndProject
Project("{9A19103F-16F7-4668-BE54-9A1E7A4F7556}") = "TopDownRPD.NativeAvalonia", "TopDownRPD.NativeAvalonia\TopDownRPD.NativeAvalonia.csproj", "{CD8DFC6D-1CFD-4D53-B986-0B59C5E58B44}"
EndProject
Project("{9A19103F-16F7-4668-BE54-9A1E7A4F7556}") = "TopDownRPD.NativeAvalonia.Desktop", "TopDownRPD.NativeAvalonia.Desktop\TopDownRPD.NativeAvalonia.Desktop.csproj", "{21034120-FD43-4C51-9C14-D69EC456784E}"
EndProject
Global
	GlobalSection(SolutionConfigurationPlatforms) = preSolution
		Debug|Any CPU = Debug|Any CPU
		Release|Any CPU = Release|Any CPU
	EndGlobalSection
	GlobalSection(ProjectConfigurationPlatforms) = postSolution
		{BCD87606-3660-43D2-A667-538EA5C533BA}.Debug|Any CPU.ActiveCfg = Debug|Any CPU
		{BCD87606-3660-43D2-A667-538EA5C533BA}.Debug|Any CPU.Build.0 = Debug|Any CPU
		{BCD87606-3660-43D2-A667-538EA5C533BA}.Release|Any CPU.ActiveCfg = Release|Any CPU
		{BCD87606-3660-43D2-A667-538EA5C533BA}.Release|Any CPU.Build.0 = Release|Any CPU
		{7AA71211-01F0-4CC8-9855-DC822C070F08}.Debug|Any CPU.ActiveCfg = Debug|Any CPU
		{7AA71211-01F0-4CC8-9855-DC822C070F08}.Debug|Any CPU.Build.0 = Debug|Any CPU
		{7AA71211-01F0-4CC8-9855-DC822C070F08}.Release|Any CPU.ActiveCfg = Release|Any CPU
		{7AA71211-01F0-4CC8-9855-DC822C070F08}.Release|Any CPU.Build.0 = Release|Any CPU
		{5CE2F035-5C41-49EE-B376-0D0051B33361}.Debug|Any CPU.ActiveCfg = Debug|Any CPU
		{5CE2F035-5C41-49EE-B376-0D0051B33361}.Debug|Any CPU.Build.0 = Debug|Any CPU
		{5CE2F035-5C41-49EE-B376-0D0051B33361}.Release|Any CPU.ActiveCfg = Release|Any CPU
		{5CE2F035-5C41-49EE-B376-0D0051B33361}.Release|Any CPU.Build.0 = Release|Any CPU
		{B053887D-F9BD-44DB-85E2-5918512305D4}.Debug|Any CPU.ActiveCfg = Debug|Any CPU
		{B053887D-F9BD-44DB-85E2-5918512305D4}.Debug|Any CPU.Build.0 = Debug|Any CPU
		{B053887D-F9BD-44DB-85E2-5918512305D4}.Release|Any CPU.ActiveCfg = Release|Any CPU
		{B053887D-F9BD-44DB-85E2-5918512305D4}.Release|Any CPU.Build.0 = Release|Any CPU
		{A0188CBB-7B8F-48E7-A608-72981BC37C9C}.Debug|Any CPU.ActiveCfg = Debug|Any CPU
		{A0188CBB-7B8F-48E7-A608-72981BC37C9C}.Debug|Any CPU.Build.0 = Debug|Any CPU
		{A0188CBB-7B8F-48E7-A608-72981BC37C9C}.Release|Any CPU.ActiveCfg = Release|Any CPU
		{A0188CBB-7B8F-48E7-A608-72981BC37C9C}.Release|Any CPU.Build.0 = Release|Any CPU
		{CD8DFC6D-1CFD-4D53-B986-0B59C5E58B44}.Debug|Any CPU.ActiveCfg = Debug|Any CPU
		{CD8DFC6D-1CFD-4D53-B986-0B59C5E58B44}.Debug|Any CPU.Build.0 = Debug|Any CPU
		{CD8DFC6D-1CFD-4D53-B986-0B59C5E58B44}.Release|Any CPU.ActiveCfg = Release|Any CPU
		{CD8DFC6D-1CFD-4D53-B986-0B59C5E58B44}.Release|Any CPU.Build.0 = Release|Any CPU
		{21034120-FD43-4C51-9C14-D69EC456784E}.Debug|Any CPU.ActiveCfg = Debug|Any CPU
		{21034120-FD43-4C51-9C14-D69EC456784E}.Debug|Any CPU.Build.0 = Debug|Any CPU
		{21034120-FD43-4C51-9C14-D69EC456784E}.Release|Any CPU.ActiveCfg = Release|Any CPU
		{21034120-FD43-4C51-9C14-D69EC456784E}.Release|Any CPU.Build.0 = Release|Any CPU
	EndGlobalSection
	GlobalSection(SolutionProperties) = preSolution
		HideSolutionNode = FALSE
	EndGlobalSection
	GlobalSection(NestedProjects) = preSolution
		{BCD87606-3660-43D2-A667-538EA5C533BA} = {18974961-84F0-4040-8778-97197427C2EC}
		{5CE2F035-5C41-49EE-B376-0D0051B33361} = {7859A14C-8CF6-4EEE-A414-1D333C643C39}
		{B053887D-F9BD-44DB-85E2-5918512305D4} = {D85D5437-0EDE-48B8-9726-63D91853C2A5}
		{A0188CBB-7B8F-48E7-A608-72981BC37C9C} = {D85D5437-0EDE-48B8-9726-63D91853C2A5}
		{CD8DFC6D-1CFD-4D53-B986-0B59C5E58B44} = {7CEECABF-C32E-4E47-8ABE-CAB3BE1F1D85}
		{21034120-FD43-4C51-9C14-D69EC456784E} = {7CEECABF-C32E-4E47-8ABE-CAB3BE1F1D85}
	EndGlobalSection
	GlobalSection(ExtensibilityGlobals) = postSolution
		SolutionGuid = {70E5AC32-5D9B-4852-9976-E7E16BF40CFB}
	EndGlobalSection
EndGlobal
